version = 1
revision = 3
requires-python = ">=3.13"

[[package]]
name = "altgraph"
version = "0.17.4"
source = { registry = "https://pypi.org/simple" }
sdist = { url = "https://files.pythonhosted.org/packages/de/a8/7145824cf0b9e3c28046520480f207df47e927df83aa9555fb47f8505922/altgraph-0.17.4.tar.gz", hash = "sha256:1b5afbb98f6c4dcadb2e2ae6ab9fa994bbb8c1d75f4fa96d340f9437ae454406", size = 48418, upload-time = "2023-09-25T09:04:52.164Z" }
wheels = [
    { url = "https://files.pythonhosted.org/packages/4d/3f/3bc3f1d83f6e4a7fcb834d3720544ca597590425be5ba9db032b2bf322a2/altgraph-0.17.4-py2.py3-none-any.whl", hash = "sha256:642743b4750de17e655e6711601b077bc6598dbfa3ba5fa2b2a35ce12b508dff", size = 21212, upload-time = "2023-09-25T09:04:50.691Z" },
]

[[package]]
name = "colorama"
version = "0.4.6"
source = { registry = "https://pypi.org/simple" }
sdist = { url = "https://files.pythonhosted.org/packages/d8/53/6f443c9a4a8358a93a6792e2acffb9d9d5cb0a5cfd8802644b7b1c9a02e4/colorama-0.4.6.tar.gz", hash = "sha256:08695f5cb7ed6e0531a20572697297273c47b8cae5a63ffc6d6ed5c201be6e44", size = 27697, upload-time = "2022-10-25T02:36:22.414Z" }
wheels = [
    { url = "https://files.pythonhosted.org/packages/d1/d6/3965ed04c63042e047cb6a3e6ed1a63a35087b6a609aa3a15ed8ac56c221/colorama-0.4.6-py2.py3-none-any.whl", hash = "sha256:4f1d9991f5acc0ca119f9d443620b77f9d6b33703e51011c16baf57afb285fc6", size = 25335, upload-time = "2022-10-25T02:36:20.889Z" },
]

[[package]]
name = "exifread"
version = "3.5.1"
source = { registry = "https://pypi.org/simple" }
sdist = { url = "https://files.pythonhosted.org/packages/e2/4e/d8fce8810d819db47f5b159e75223511c5ccd7ad07c2feca64cf7fab2477/exifread-3.5.1.tar.gz", hash = "sha256:9f998f80d3062741c976dfc4fd033424bc40932937994e4d2181eb70c4b6aedd", size = 56552, upload-time = "2025-08-23T21:59:18.123Z" }
wheels = [
    { url = "https://files.pythonhosted.org/packages/e2/a3/20e34a55c7b225110d3822d07c3cab9e8653d9c179e36783f2ed632a96a7/exifread-3.5.1-py3-none-any.whl", hash = "sha256:e5426ce2857423ad401e575ea9d159dc97449dc041fb6e61b35109caea72c311", size = 59742, upload-time = "2025-08-23T21:59:16.633Z" },
]

[[package]]
name = "hachoir"
version = "3.4.0"
source = { registry = "https://pypi.org/simple" }
sdist = { url = "https://files.pythonhosted.org/packages/57/a6/ffacc0937524aeff27d20c981e5f321aedd284daf66aca7d52c707fa2d93/hachoir-3.4.0.tar.gz", hash = "sha256:7f88018d58ef42b5dcd8ff51f2a6191abf3ade38eee8da11acd93f5a7d9cf8f8", size = 7536245, upload-time = "2026-09-13T15:07:27.209Z" }
wheels = [
    { url = "https://files.pythonhosted.org/packages/24/3c/a1ea410b41cf69e1a2b42cb28fca44f53f567490ba398bb832315ce39d83/hachoir-3.4.0-py3-none-any.whl", hash = "sha256:042708fd1364ba6629d8516430a2c424b4b115e449e331dd431e5e4bd87d1001", size = 655014, upload-time = "2026-09-13T15:07:24.845Z" },
]

[[package]]
name = "iniconfig"
version = "2.3.0"
source = { registry = "https://pypi.org/simple" }
sdist = { url = "https://files.pythonhosted.org/packages/72/34/14ca021ce8e5dfedc35312d08ba8bf51fdd999c576889fc2c24cb97f4f10/iniconfig-2.3.0.tar.gz", hash = "sha256:c76315c77db068650d49c5b56314774a7804df16fee4402c1f19d6d15d8c4730", size = 20503, upload-time = "2025-10-18T21:55:43.219Z" }
wheels = [
    { url = "https://files.pythonhosted.org/packages/cb/b1/3846dd7f199d53cb17f49cba7e651e9ce294d8497c8c150530ed11865bb8/iniconfig-2.3.0-py3-none-any.whl", hash = "sha256:f631c04d2c48c52b84d0d0549c99ff3859c98df65b3101406327ecc7d53fbf12", size = 7484, upload-time = "2025-10-18T21:55:41.639Z" },
]

[[package]]
name = "macholib"
version = "1.16.3"
source = { registry = "https://pypi.org/simple" }
dependencies = [
    { name = "altgraph" },
]
sdist = { url = "https://files.pythonhosted.org/packages/95/ee/af1a3842bdd5902ce133bd246eb7ffd4375c38642aeb5dc0ae3a0329dfa2/macholib-1.16.3.tar.gz", hash = "sha256:07ae9e15e8e4cd9a788013d81f5908b3609aa76f9b1421bae9c4d7606ec86a30", size = 59309, upload-time = "2023-09-25T09:10:16.155Z" }
wheels = [
    { url = "https://files.pythonhosted.org/packages/d1/5d/c059c180c84f7962db0aeae7c3b9303ed1d73d76f2bfbc32bc231c8be314/macholib-1.16.3-py2.py3-none-any.whl", hash = "sha256:0e315d7583d38b8c77e815b1ecbdbf504a8258d8b3e17b61165c6feb60d18f2c", size = 38094, upload-time = "2023-09-25T09:10:14.188Z" },
]

[[package]]
name = "op"
version = "0.1.0"
source = { virtual = "." }
dependencies = [
    { name = "exifread" },
    { name = "hachoir" },
    { name = "ruff" },
]

[package.dev-dependencies]
dev = [
    { name = "pyinstaller" },
    { name = "pytest" },
    { name = "ruff" },
]

[package.metadata]
requires-dist = [
    { name = "exifread", specifier = ">=3.5.1" },
    { name = "hachoir", specifier = ">=3.4.0" },
    { name = "ruff", specifier = ">=0.16.8" },
]

[package.metadata.requires-dev]
dev = [
    { name = "pyinstaller", specifier = ">=6.22.3" },
    { name = "pytest", specifier = ">=9.1.1" },
    { name = "ruff", specifier = ">=0.16.8" },
]

[[package]]
name = "packaging"
version = "25.0"
source = { registry = "https://pypi.org/simple" }
sdist = { url = "https://files.pythonhosted.org/packages/a1/d4/1fc4078c65507b51b96ca8f8c3ba19e6a61c8253c72794544580a7b6c24d/packaging-25.0.tar.gz", hash = "sha256:d443872c98d677bf60f6a1f2f8c1cb748e8fe762d2bf9d3148b5599295b0fc4f", size = 165727, upload-time = "2025-04-19T11:48:59.673Z" }
wheels = [
    { url = "https://files.pythonhosted.org/packages/20/12/38679034af332785aac8774540895e234f4d07f7545804097de4b666afd8/packaging-25.0-py3-none-any.whl", hash = "sha256:29572ef2b1f17581046b3a2227d5c611fb25ec70ca1ba8554b24b0e69331a484", size = 66469, upload-time = "2025-04-19T11:48:57.875Z" },
]

[[package]]
name = "pefile"
version = "2023.2.7"
source = { registry = "https://pypi.org/simple" }
sdist = { url = "https://files.pythonhosted.org/packages/78/c5/3b3c62223f72e2360737fd2a57c30e5b2adecd85e70276879609a7403334/pefile-2023.2.7.tar.gz", hash = "sha256:82e6114004b3d6911c77c3953e3838654b04511b8b66e8583db70c65998017dc", size = 74854, upload-time = "2023-02-07T12:23:55.958Z" }
wheels = [
    { url = "https://files.pythonhosted.org/packages/55/26/d0ad8b448476d0a1e8d3ea5622dc77b916db84c6aa3cb1e1c0965af948fc/pefile-2023.2.7-py3-none-any.whl", hash = "sha256:da185cd2af68c08a6cd4481f7325ed600a88f6a813bad9dea07ab3ef73d8d8d6", size = 71791, upload-time = "2023-02-07T12:28:36.678Z" },
]

[[package]]
name = "pluggy"
version = "1.6.0"
source = { registry = "https://pypi.org/simple" }
sdist = { url = "https://files.pythonhosted.org/packages/f9/e2/3e91f31a7d2b083fe6ef3fa267035b518369d9511ffab804f839851d2779/pluggy-1.6.0.tar.gz", hash = "sha256:7dcc130b76258d33b90f61b658791dede3486c3e6bfb003ee5c9bfb396dd22f3", size = 69412, upload-time = "2025-05-15T12:30:07.975Z" }
wheels = [
    { url = "https://files.pythonhosted.org/packages/54/20/4d324d65cc6d9205fabedc306948156824eb9f0ee1633355a8f7ec5c66bf/pluggy-1.6.0-py3-none-any.whl", hash = "sha256:e920276dd6813095e9377c0bc5566d94c932c33b27a3e3945d8389c374dd4746", size = 20538, upload-time = "2025-05-15T12:30:06.134Z" },
]

[[package]]
name = "pygments"
version = "2.20.0"
source = { registry = "https://pypi.org/simple" }
sdist = { url = "https://files.pythonhosted.org/packages/c3/b2/bc9c9196916376152d655522fdcebac55e66de6603a76a02bca1b6414f6c/pygments-2.20.0.tar.gz", hash = "sha256:6757cd03768053ff99f3039c1a36d6c0aa0b263438fcab17520b30a303a82b5f", size = 4955991, upload-time = "2026-03-29T13:29:33.898Z" }
wheels = [
    { url = "https://files.pythonhosted.org/packages/f4/7e/a72dd26f3b0f4f2bf1dd8923c85f7ceb43172af56d63c7383eb62b332364/pygments-2.20.0-py3-none-any.whl", hash = "sha256:81a9e26dd42fd28a23a2d169d86d7ac03b46e2f8b59ed4698fb4785f946d0176", size = 1231151, upload-time = "2026-03-29T13:29:30.038Z" },
]

[[package]]
name = "pyinstaller"
version = "6.22.3"
source = { registry = "https://pypi.org/simple" }
dependencies = [
    { name = "altgraph" },
    { name = "macholib", marker = "sys_platform == 'darwin'" },
    { name = "packaging" },
    { name = "pefile", marker = "sys_platform == 'win32'" },
    { name = "pyinstaller-hooks-contrib" },
    { name = "pywin32-ctypes", marker = "sys_platform == 'win32'" },
    { name = "setuptools" },
]
sdist = { url = "https://files.pythonhosted.org/packages/63/41/f90302845945abd4ed647933ff5ee7c6ac93983187be67f897b6cb613331/pyinstaller-6.22.3.tar.gz", hash = "sha256:05eb2f5615503e72939a7224d68b4aff572c6b0438ee4a17d0a4b481f399362d", size = 4437180, upload-time = "2026-09-12T21:54:09.669Z" }
wheels = [
    { url = "https://files.pythonhosted.org/packages/ec/af/898f70947e27f8e65d55183c780e77112e023c0b4a6fba6255d4d563a27d/pyinstaller-6.22.3-py3-none-macosx_10_13_universal2.whl", hash = "sha256:052f4a1cd4f81092ccb7a18fe8ebc9ecf832a5917317e39fb3775af4e959b253", size = 1071847, upload-time = "2026-09-12T21:53:01.711Z" },
    { url = "https://files.pythonhosted.org/packages/c4/96/99f5184985141c2b024bfa61335e9142ae444555224f303186e59b7bb438/pyinstaller-6.22.3-py3-none-manylinux2014_aarch64.whl", hash = "sha256:312da84b4b31ab9750066a823734c11b7c68757fdd67c9f038bf19c330a954e4", size = 758172, upload-time = "2026-09-12T21:53:06.171Z" },
    { url = "https://files.pythonhosted.org/packages/69/9f/9ccb12cc1e6617042cb028fe79f0a756f5f03305bd14b584a4e043fe3844/pyinstaller-6.22.3-py3-none-manylinux2014_i686.whl", hash = "sha256:020d4fe0627f5c73dfbcfad1a6578ef354d5fe4bdccd9d8e5a615528f5a45d2b", size = 772135, upload-time = "2026-09-12T21:53:10.291Z" },
    { url = "https://files.pythonhosted.org/packages/c1/43/4b1d5193a88628c052db89f064433681076959a9f41d0d9f660001b49079/pyinstaller-6.22.3-py3-none-manylinux2014_ppc64le.whl", hash = "sha256:9e4f7bd64b2103f14b4a6240fb9155e9fe7bc61391b4043bbddb7d3ebc8ab0fa", size = 770461, upload-time = "2026-09-12T21:53:14.592Z" },
    { url = "https://files.pythonhosted.org/packages/cb/83/f173f8757c618d83e116fa2b8e57c5cd796e5ad09792e664eabd6ac5edae/pyinstaller-6.22.3-py3-none-manylinux2014_s390x.whl", hash = "sha256:f82d0fb89f21c3ed6f482ee16f341bc59e8a31dbabb9bae9ef04e53ade4dc0d9", size = 764997, upload-time = "2026-09-12T21:53:19.079Z" },
    { url = "https://files.pythonhosted.org/packages/7b/b6/dd21d61fc5e25377be24eabf13e99e4e46548a5abe2bf7b15d8b3d9cc74a/pyinstaller-6.22.3-py3-none-manylinux2014_x86_64.whl", hash = "sha256:451a4ae14b719365bf1a2f0a99dae7b3463060061c3a394c70d5264cfb439528", size = 764974, upload-time = "2026-09-12T21:53:23.176Z" },
    { url = "https://files.pythonhosted.org/packages/6c/fd/d9590942972b1fc205519f7ccffb0d5cd8eb1d6fa61edad319c71d25baed/pyinstaller-6.22.3-py3-none-musllinux_1_1_aarch64.whl", hash = "sha256:ea240b5dfa831ff673c97505eee0ec24670bccf71396c83109440348944c83d0", size = 764450, upload-time = "2026-09-12T21:53:27.419Z" },
    { url = "https://files.pythonhosted.org/packages/72/d6/f22c55d1768433b65c460b19a3136dd9769b6c74b786149b829344654c7d/pyinstaller-6.22.3-py3-none-musllinux_1_1_x86_64.whl", hash = "sha256:a2b6fc26601e8c2596c3d54981566934a3382e85d05d0fe91b55b6a8dcc6b282", size = 763863, upload-time = "2026-09-12T21:53:31.609Z" },
    { url = "https://files.pythonhosted.org/packages/c5/87/cf28cfd42ceca889171e6dd5e7f1553d4372db83d047049ffb7cf95fcbd4/pyinstaller-6.22.3-py3-none-win32.whl", hash = "sha256:46a3e30a118341a1ec20667a5a95aa7e0aa8c4fa129893c0151b3eb3f801a722", size = 1390905, upload-time = "2026-09-12T21:53:38.133Z" },
    { url = "https://files.pythonhosted.org/packages/24/83/c5422204772a27aef643280fdc887b7ef55679989096b21dceb1b9625fc4/pyinstaller-6.22.3-py3-none-win_amd64.whl", hash = "sha256:500bd58c7bf7e584a8435adccbd763a0b918d5c12b08d74ff50fd79b2915458b", size = 1454907, upload-time = "2026-09-12T21:53:44.812Z" },
    { url = "https://files.pythonhosted.org/packages/67/2e/ebc93968bf63f81b122e205da116b16036b653b7ce2cc8ad86e3ddd19586/pyinstaller-6.22.3-py3-none-win_arm64.whl", hash = "sha256:31df3cc4261e804a53d358b7897c293ec8b88b167a7cca06c78018085c855f97", size = 1402956, upload-time = "2026-09-12T21:53:51.369Z" },
]

[[package]]
name = "pyinstaller-hooks-contrib"
version = "2026.8"
source = { registry = "https://pypi.org/simple" }
dependencies = [
    { name = "packaging" },
]
sdist = { url = "https://files.pythonhosted.org/packages/c9/3b/fab1a12a21bf9223af012e5dd002b7d4265683d21d9fabbd0ccb347316e4/pyinstaller_hooks_contrib-2026.8.tar.gz", hash = "sha256:4d825786ad7a9b7dbcc52d612748a34562fe273461bcfd88f4d549c594bbf8f9", size = 176955, upload-time = "2026-09-30T07:53:52.56Z" }
wheels = [
    { url = "https://files.pythonhosted.org/packages/8f/f1/3eee0263b487e571aed9204257b45bc2a0b6fec34d0a1adade4d8d8a968c/pyinstaller_hooks_contrib-2026.8-py3-none-any.whl", hash = "sha256:6d21d65323ea4467753afc21f52d7d0e69416ae8101dd88269bf273ad48db084", size = 462145, upload-time = "2026-09-30T07:53:51.167Z" },
]

[[package]]
name = "pytest"
version = "9.1.1"
source = { registry = "https://pypi.org/simple" }
dependencies = [
    { name = "colorama", marker = "sys_platform == 'win32'" },
    { name = "iniconfig" },
    { name = "packaging" },
    { name = "pluggy" },
    { name = "pygments" },
]
sdist = { url = "https://files.pythonhosted.org/packages/e4/47/b9efed96c114afcfa3c9d3fe98a76a1d14c74a9e266d397cf6eb64be5e01/pytest-9.1.1.tar.gz", hash = "sha256:1088fbde8f2b49d95a549a195707afa7a76a3ce9bcadc26b6d71f0ffda5fe313", size = 1636369, upload-time = "2026-06-19T10:58:32.857Z" }
wheels = [
    { url = "https://files.pythonhosted.org/packages/24/25/1de2678b631f5a49215c6c96fff41ba892b0a34df68d6d80292b1b48aa7f/pytest-9.1.1-py3-none-any.whl", hash = "sha256:37a86b45efb9a47a61a36449063e8e18d0cab3161329fc099eb21783169c4f0c", size = 386536, upload-time = "2026-06-19T10:58:31.347Z" },
]

[[package]]
name = "pywin32-ctypes"
version = "0.2.3"
source = { registry = "https://pypi.org/simple" }
sdist = { url = "https://files.pythonhosted.org/packages/85/9f/01a1a99704853cb63f253eea009390c88e7131c67e66a0a02099a8c917cb/pywin32-ctypes-0.2.3.tar.gz", hash = "sha256:d162dc04946d704503b2edc4d55f3dba5c1d539ead017afa00142c38b9885755", size = 29471, upload-time = "2024-08-14T10:15:34.626Z" }
wheels = [
    { url = "https://files.pythonhosted.org/packages/de/3d/8161f7711c017e01ac9f008dfddd9410dff3674334c233bde66e7ba65bbf/pywin32_ctypes-0.2.3-py3-none-any.whl", hash = "sha256:8a1513379d709975552d202d942d9837758905c8d01eb82b8bcc30918929e7b8", size = 30756, upload-time = "2024-08-14T10:15:33.187Z" },
]

[[package]]
name = "ruff"
version = "0.16.10"
source = { registry = "https://pypi.org/simple" }
sdist = { url = "https://files.pythonhosted.org/packages/c4/49/23802c45f093eb14bde54b141d2b2f058edfa63a06db7beed047308cc08f/ruff-0.16.10.tar.gz", hash = "sha256:eff4728c4eaae93f0955cd264d24b2ab348e74bf59986ccf282ba6dc16b3b017", size = 4958724, upload-time = "2026-10-01T18:03:21.697Z" }
wheels = [
    { url = "https://files.pythonhosted.org/packages/2f/21/ebce22e1d90cdb2cd691026b9c6e9bec6499f0b396089481755b5d49efff/ruff-0.16.10-py3-none-linux_armv6l.whl", hash = "sha256:488b0fe3f3574210e5cf80d9f59b9e3ab17a127a8155de3f307b392589cfb511", size = 10095557, upload-time = "2026-10-01T18:02:36.072Z" },
    { url = "https://files.pythonhosted.org/packages/cb/98/a54de85876a8b2612bfa0d84c7b9abfb39c6a3354aee7800b09c1649b9e3/ruff-0.16.10-py3-none-macosx_10_12_x86_64.whl", hash = "sha256:e748ff95c934c4e978783b8e687bc174e7bd84e8ad24e3243e1ecfcda5e0282d", size = 10340577, upload-time = "2026-10-01T18:02:39.258Z" },
    { url = "https://files.pythonhosted.org/packages/9f/16/1a5a4a2657effe4806110f2b907313802f1367fcdbb29e8122766e407fab/ruff-0.16.10-py3-none-macosx_11_0_arm64.whl", hash = "sha256:3031a4a2e8e7b8a46f70be45f198c35a11ece509a94b80334d8d397a33c67550", size = 9774282, upload-time = "2026-10-01T18:02:41.79Z" },
    { url = "https://files.pythonhosted.org/packages/6e/fb/470085af734da396e68cd80fb0a3e7c109a459716ae59588c0f6fab8a17d/ruff-0.16.10-py3-none-manylinux_2_17_aarch64.manylinux2014_aarch64.whl", hash = "sha256:494401c86df4c4c25f69b9419605d944467ee98c42fb6ad405ef4fa40b8fb67d", size = 9920895, upload-time = "2026-10-01T18:02:44.458Z" },
    { url = "https://files.pythonhosted.org/packages/57/de/f10cffe4f88a37ea6615ec460f01bf76f0bc1477737a35d9ee61a630a78b/ruff-0.16.10-py3-none-manylinux_2_17_armv7l.manylinux2014_armv7l.whl", hash = "sha256:d203abc0ff2b773ee33d00ab8df0bb67046fbc7c07b119332f08b9b345cf8221", size = 9902707, upload-time = "2026-10-01T18:02:47.041Z" },
    { url = "https://files.pythonhosted.org/packages/ff/44/3fdcedf83ae60ef837dd239170e480dce606a9142cfa2db911afdf855fd9/ruff-0.16.10-py3-none-manylinux_2_17_i686.manylinux2014_i686.whl", hash = "sha256:bd83d1235a5258d318477bc5b576303974cbdef5df0c01a1bff14efcc23bd12a", size = 10619287, upload-time = "2026-10-01T18:02:49.485Z" },
    { url = "https://files.pythonhosted.org/packages/c1/62/02e76a5574002153618eafbb70e159468addc72a5d2c488e65cbb4639d2d/ruff-0.16.10-py3-none-manylinux_2_17_ppc64le.manylinux2014_ppc64le.whl", hash = "sha256:bc2610fb269fa56dd8a68669ae470fa6272902668c0fc2ebc3aa112b2633d5b8", size = 11339942, upload-time = "2026-10-01T18:02:52.008Z" },
    { url = "https://files.pythonhosted.org/packages/6b/c4/cde27d47ad8d4126c587e608c67c46e7feac11763f606d261a1bc8a489e6/ruff-0.16.10-py3-none-manylinux_2_17_s390x.manylinux2014_s390x.whl", hash = "sha256:3e70175e29cc94c26ea296c80e470180b744b7419026898e58f520c6ab32578e", size = 10934316, upload-time = "2026-10-01T18:02:54.811Z" },
    { url = "https://files.pythonhosted.org/packages/e4/03/17234145f302a645a123e8c3bb2411ecf4669fbc350de3b0d803230a1729/ruff-0.16.10-py3-none-manylinux_2_17_x86_64.manylinux2014_x86_64.whl", hash = "sha256:f33f43a864a8483eebd160e713336c8bab02c934feaff0a33cf5ccb41546d09a", size = 10387968, upload-time = "2026-10-01T18:02:57.497Z" },
    { url = "https://files.pythonhosted.org/packages/71/29/2493af60240ee7644b38a4b821f5f9c3b5a4fa3178770fe1d0c685217395/ruff-0.16.10-py3-none-manylinux_2_31_riscv64.whl", hash = "sha256:1dfc6f0088149fb6a362c1c446bcbb3fd2157b3852fe2fa68409276eab9ad9b3", size = 10537906, upload-time = "2026-10-01T18:03:00.006Z" },
    { url = "https://files.pythonhosted.org/packages/2e/9a/f56b28f3b143bb9e518c34fb89ab191b626bca8b70dbf8af0d2e2d473572/ruff-0.16.10-py3-none-musllinux_1_2_aarch64.whl", hash = "sha256:6553498afc35f580f036030795810b9e6bcea31604b0fd9e8d352795473042e3", size = 10012938, upload-time = "2026-10-01T18:03:03.006Z" },
    { url = "https://files.pythonhosted.org/packages/c2/c4/fca37362848ea4d4d80712df13632e645e7c7cfb1bdedf140699ac7a090b/ruff-0.16.10-py3-none-musllinux_1_2_armv7l.whl", hash = "sha256:a3b8471dea115d37f123882be852bed13403746d3a76c11de4a19ec5f9ff5a03", size = 9897945, upload-time = "2026-10-01T18:03:05.818Z" },
    { url = "https://files.pythonhosted.org/packages/7d/c7/e0bc57664d6e0c61fd22f620af260fe9662d7e1ddb320ea7f160e76ef165/ruff-0.16.10-py3-none-musllinux_1_2_i686.whl", hash = "sha256:92e59a70bcbd9d3a5483656da906ec28edfdacfce00afd99edb8b4e9d15644be", size = 10333134, upload-time = "2026-10-01T18:03:08.25Z" },
    { url = "https://files.pythonhosted.org/packages/21/aa/5c9f3b68737c0e4a33a1db5dfab44f7b786d96ca91a7233112ddab1e6dc2/ruff-0.16.10-py3-none-musllinux_1_2_x86_64.whl", hash = "sha256:7ae7375f803b5520dc9f546bed7e3a0acb70b91812e9bb4b19927de22f25b77d", size = 10741702, upload-time = "2026-10-01T18:03:10.775Z" },
    { url = "https://files.pythonhosted.org/packages/78/fa/0f9c2020dc316c53d983be011720b8157cc052b97e3f4dfa7db6d0f880a6/ruff-0.16.10-py3-none-win32.whl", hash = "sha256:2a12e01cb9156c10c466f63b46eaae5ecea28dfbd21b5836353ae498e7d1349a", size = 10139176, upload-time = "2026-10-01T18:03:13.267Z" },
    { url = "https://files.pythonhosted.org/packages/99/29/cfb0df9448d4d4ad48c2de029ada9ebd71baa6da983a6c77ee6c6cd0fe82/ruff-0.16.10-py3-none-win_amd64.whl", hash = "sha256:97f2015c92aa97105b0eab19eb5d224884399281cfc5da86a92db4ab5e7fb2ca", size = 10584734, upload-time = "2026-10-01T18:03:16.006Z" },
    { url = "https://files.pythonhosted.org/packages/fc/05/c16957eb287c3fc062e032619a25868d93d408a844b725bcf514f7a378ff/ruff-0.16.10-py3-none-win_arm64.whl", hash = "sha256:25a65fe998c4e6861ec079ada5826a2fc605e6cbccbe9dcd7fac1f54e791621b", size = 10366440, upload-time = "2026-10-01T18:03:19.04Z" },
]

[[package]]
name = "setuptools"
version = "80.9.0"
source = { registry = "https://pypi.org/simple" }
sdist = { url = "https://files.pythonhosted.org/packages/18/5d/3bf57dcd21979b887f014ea83c24ae194cfcd12b9e0fda66b957c69d1fca/setuptools-80.9.0.tar.gz", hash = "sha256:f36b47402ecde768dbfafc46e8e4207b4360c654f1f3bb84475f0a28628fb19c", size = 1319958, upload-time = "2025-05-27T00:56:51.443Z" }
wheels = [
    { url = "https://files.pythonhosted.org/packages/a3/dc/17031897dae0efacfea57dfd3a82fdd2a2aeb58e0ff71b77b87e44edc772/setuptools-80.9.0-py3-none-any.whl", hash = "sha256:062d34222ad13e0cc312a4c02d73f059e86a4acbfbdea8f8f76b28c99f306922", size = 1201486, upload-time = "2025-05-27T00:56:49.664Z" },
]
